
Microsoft Visual Studio Solution File, Format Version 12.00
# Visual Studio Version 17
VisualStudioVersion = 17.4.33205.214
MinimumVisualStudioVersion = 10.0.40219.1
Project("{FAE04EC0-301F-11D3-BF4B-00C04F79EFBC}") = "DesignPatternProject", "DesignPatternProject\DesignPatternProject.csproj", "{7DD3CBC9-4D45-4340-8A0D-CF03E3A2BB12}"
EndProject
Global
	GlobalSection(SolutionConfigurationPlatforms) = preSolution
		Debug|Any CPU = Debug|Any CPU
		Release|Any CPU = Release|Any CPU
	EndGlobalSection
	GlobalSection(ProjectConfigurationPlatforms) = postSolution
		{7DD3CBC9-4D45-4340-8A0D-CF03E3A2BB12}.Debug|Any CPU.ActiveCfg = Debug|Any CPU
		{7DD3CBC9-4D45-4340-8A0D-CF03E3A2BB12}.Debug|Any CPU.Build.0 = Debug|Any CPU
		{7DD3CBC9-4D45-4340-8A0D-CF03E3A2BB12}.Release|Any CPU.ActiveCfg = Release|Any CPU
		{7DD3CBC9-4D45-4340-8A0D-CF03E3A2BB12}.Release|Any CPU.Build.0 = Release|Any CPU
	EndGlobalSection
	GlobalSection(SolutionProperties) = preSolution
		HideSolutionNode = FALSE
	EndGlobalSection
	GlobalSection(ExtensibilityGlobals) = postSolution
		SolutionGuid = {1E4D9613-6C1C-4EA1-ACBB-C25871B740CB}
	EndGlobalSection
EndGlobal
